// !$*UTF8*$!
{
	archiveVersion = 1;
	classes = {
	};
	objectVersion = 56;
	objects = {

/* Begin PBXBuildFile section */
		7E149006293D6B3D00FC87FA /* AppDelegate.swift in Sources */ = {isa = PBXBuildFile; fileRef = 7E149005293D6B3D00FC87FA /* AppDelegate.swift */; };
		7E149008293D6B3D00FC87FA /* SceneDelegate.swift in Sources */ = {isa = PBXBuildFile; fileRef = 7E149007293D6B3D00FC87FA /* SceneDelegate.swift */; };
		7E14900F293D6B4000FC87FA /* Assets.xcassets in Resources */ = {isa = PBXBuildFile; fileRef = 7E14900E293D6B4000FC87FA /* Assets.xcassets */; };
		7E149012293D6B4000FC87FA /* LaunchScreen.storyboard in Resources */ = {isa = PBXBuildFile; fileRef = 7E149010293D6B4000FC87FA /* LaunchScreen.storyboard */; };
		7E149027293D6B4000FC87FA /* DromUITests.swift in Sources */ = {isa = PBXBuildFile; fileRef = 7E149026293D6B4000FC87FA /* DromUITests.swift */; };
		7E149029293D6B4000FC87FA /* DromUITestsLaunchTests.swift in Sources */ = {isa = PBXBuildFile; fileRef = 7E149028293D6B4000FC87FA /* DromUITestsLaunchTests.swift */; };
		7E149038293D79E700FC87FA /* NavigationControllerAssembly.swift in Sources */ = {isa = PBXBuildFile; fileRef = 7E149037293D79E700FC87FA /* NavigationControllerAssembly.swift */; };
		7E14903A293D7AB800FC87FA /* ImagesListVCAssembly.swift in Sources */ = {isa = PBXBuildFile; fileRef = 7E149039293D7AB800FC87FA /* ImagesListVCAssembly.swift */; };
		7E14903D293D7B1900FC87FA /* ImageLoader.swift in Sources */ = {isa = PBXBuildFile; fileRef = 7E14903C293D7B1900FC87FA /* ImageLoader.swift */; };
		7E14903F293D7B4500FC87FA /* AppConstants.swift in Sources */ = {isa = PBXBuildFile; fileRef = 7E14903E293D7B4500FC87FA /* AppConstants.swift */; };
		7E149041293D7BC400FC87FA /* ImagesURLManager.swift in Sources */ = {isa = PBXBuildFile; fileRef = 7E149040293D7BC400FC87FA /* ImagesURLManager.swift */; };
		7E149044293F36BB00FC87FA /* ImagesCollectionViewDataSource.swift in Sources */ = {isa = PBXBuildFile; fileRef = 7E149043293F36BB00FC87FA /* ImagesCollectionViewDataSource.swift */; };
		7E149046293F36D800FC87FA /* ImagesCollectionViewDelegate.swift in Sources */ = {isa = PBXBuildFile; fileRef = 7E149045293F36D800FC87FA /* ImagesCollectionViewDelegate.swift */; };
		7E14904A293F373E00FC87FA /* ImagesListViewController.swift in Sources */ = {isa = PBXBuildFile; fileRef = 7E149049293F373E00FC87FA /* ImagesListViewController.swift */; };
		7E14904C293F376800FC87FA /* ImagesListPresenter.swift in Sources */ = {isa = PBXBuildFile; fileRef = 7E14904B293F376800FC87FA /* ImagesListPresenter.swift */; };
		7E14904E293F379000FC87FA /* ImagesListInteractor.swift in Sources */ = {isa = PBXBuildFile; fileRef = 7E14904D293F379000FC87FA /* ImagesListInteractor.swift */; };
		7E149050293F37AA00FC87FA /* ImagesListRouter.swift in Sources */ = {isa = PBXBuildFile; fileRef = 7E14904F293F37AA00FC87FA /* ImagesListRouter.swift */; };
		7E149053293F39B400FC87FA /* ImagesListViewControllerTests.swift in Sources */ = {isa = PBXBuildFile; fileRef = 7E149052293F39B400FC87FA /* ImagesListViewControllerTests.swift */; };
		7E149055293F39F900FC87FA /* ImagesListPresenterTests.swift in Sources */ = {isa = PBXBuildFile; fileRef = 7E149054293F39F900FC87FA /* ImagesListPresenterTests.swift */; };
		7E149057293F3A1A00FC87FA /* ImagesListInteractorTests.swift in Sources */ = {isa = PBXBuildFile; fileRef = 7E149056293F3A1A00FC87FA /* ImagesListInteractorTests.swift */; };
		7E14905B293F3BD100FC87FA /* ImagesListViewTest.swift in Sources */ = {isa = PBXBuildFile; fileRef = 7E14905A293F3BD100FC87FA /* ImagesListViewTest.swift */; };
		7E14905D293F3BEB00FC87FA /* ImagesListPresenterTest.swift in Sources */ = {isa = PBXBuildFile; fileRef = 7E14905C293F3BEB00FC87FA /* ImagesListPresenterTest.swift */; };
		7E14905F293F3C0300FC87FA /* ImagesListInteractorTest.swift in Sources */ = {isa = PBXBuildFile; fileRef = 7E14905E293F3C0300FC87FA /* ImagesListInteractorTest.swift */; };
		7E149061293F3C2200FC87FA /* ImagesListRouterTest.swift in Sources */ = {isa = PBXBuildFile; fileRef = 7E149060293F3C2200FC87FA /* ImagesListRouterTest.swift */; };
		7E149064293F6E1700FC87FA /* ImagesListView.swift in Sources */ = {isa = PBXBuildFile; fileRef = 7E149063293F6E1700FC87FA /* ImagesListView.swift */; };
		7E149066293F6ED000FC87FA /* ImagesListCollectionViewCell.swift in Sources */ = {isa = PBXBuildFile; fileRef = 7E149065293F6ED000FC87FA /* ImagesListCollectionViewCell.swift */; };
/* End PBXBuildFile section */

/* Begin PBXContainerItemProxy section */
		7E149019293D6B4000FC87FA /* PBXContainerItemProxy */ = {
			isa = PBXContainerItemProxy;
			containerPortal = 7E148FFA293D6B3D00FC87FA /* Project object */;
			proxyType = 1;
			remoteGlobalIDString = 7E149001293D6B3D00FC87FA;
			remoteInfo = Drom;
		};
		7E149023293D6B4000FC87FA /* PBXContainerItemProxy */ = {
			isa = PBXContainerItemProxy;
			containerPortal = 7E148FFA293D6B3D00FC87FA /* Project object */;
			proxyType = 1;
			remoteGlobalIDString = 7E149001293D6B3D00FC87FA;
			remoteInfo = Drom;
		};
/* End PBXContainerItemProxy section */

/* Begin PBXFileReference section */
		7E149002293D6B3D00FC87FA /* Drom.app */ = {isa = PBXFileReference; explicitFileType = wrapper.application; includeInIndex = 0; path = Drom.app; sourceTree = BUILT_PRODUCTS_DIR; };
		7E149005293D6B3D00FC87FA /* AppDelegate.swift */ = {isa = PBXFileReference; lastKnownFileType = sourcecode.swift; path = AppDelegate.swift; sourceTree = "<group>"; };
		7E149007293D6B3D00FC87FA /* SceneDelegate.swift */ = {isa = PBXFileReference; lastKnownFileType = sourcecode.swift; path = SceneDelegate.swift; sourceTree = "<group>"; };
		7E14900E293D6B4000FC87FA /* Assets.xcassets */ = {isa = PBXFileReference; lastKnownFileType = folder.assetcatalog; path = Assets.xcassets; sourceTree = "<group>"; };
		7E149011293D6B4000FC87FA /* Base */ = {isa = PBXFileReference; lastKnownFileType = file.storyboard; name = Base; path = Base.lproj/LaunchScreen.storyboard; sourceTree = "<group>"; };
		7E149013293D6B4000FC87FA /* Info.plist */ = {isa = PBXFileReference; lastKnownFileType = text.plist.xml; path = Info.plist; sourceTree = "<group>"; };
		7E149018293D6B4000FC87FA /* DromTests.xctest */ = {isa = PBXFileReference; explicitFileType = wrapper.cfbundle; includeInIndex = 0; path = DromTests.xctest; sourceTree = BUILT_PRODUCTS_DIR; };
		7E149022293D6B4000FC87FA /* DromUITests.xctest */ = {isa = PBXFileReference; explicitFileType = wrapper.cfbundle; includeInIndex = 0; path = DromUITests.xctest; sourceTree = BUILT_PRODUCTS_DIR; };
		7E149026293D6B4000FC87FA /* DromUITests.swift */ = {isa = PBXFileReference; lastKnownFileType = sourcecode.swift; path = DromUITests.swift; sourceTree = "<group>"; };
		7E149028293D6B4000FC87FA /* DromUITestsLaunchTests.swift */ = {isa = PBXFileReference; lastKnownFileType = sourcecode.swift; path = DromUITestsLaunchTests.swift; sourceTree = "<group>"; };
		7E149037293D79E700FC87FA /* NavigationControllerAssembly.swift */ = {isa = PBXFileReference; lastKnownFileType = sourcecode.swift; path = NavigationControllerAssembly.swift; sourceTree = "<group>"; };
		7E149039293D7AB800FC87FA /* ImagesListVCAssembly.swift */ = {isa = PBXFileReference; lastKnownFileType = sourcecode.swift; path = ImagesListVCAssembly.swift; sourceTree = "<group>"; };
		7E14903C293D7B1900FC87FA /* ImageLoader.swift */ = {isa = PBXFileReference; lastKnownFileType = sourcecode.swift; path = ImageLoader.swift; sourceTree = "<group>"; };
		7E14903E293D7B4500FC87FA /* AppConstants.swift */ = {isa = PBXFileReference; lastKnownFileType = sourcecode.swift; path = AppConstants.swift; sourceTree = "<group>"; };
		7E149040293D7BC400FC87FA /* ImagesURLManager.swift */ = {isa = PBXFileReference; lastKnownFileType = sourcecode.swift; path = ImagesURLManager.swift; sourceTree = "<group>"; };
		7E149043293F36BB00FC87FA /* ImagesCollectionViewDataSource.swift */ = {isa = PBXFileReference; lastKnownFileType = sourcecode.swift; path = ImagesCollectionViewDataSource.swift; sourceTree = "<group>"; };
		7E149045293F36D800FC87FA /* ImagesCollectionViewDelegate.swift */ = {isa = PBXFileReference; lastKnownFileType = sourcecode.swift; path = ImagesCollectionViewDelegate.swift; sourceTree = "<group>"; };
		7E149049293F373E00FC87FA /* ImagesListViewController.swift */ = {isa = PBXFileReference; lastKnownFileType = sourcecode.swift; path = ImagesListViewController.swift; sourceTree = "<group>"; };
		7E14904B293F376800FC87FA /* ImagesListPresenter.swift */ = {isa = PBXFileReference; lastKnownFileType = sourcecode.swift; path = ImagesListPresenter.swift; sourceTree = "<group>"; };
		7E14904D293F379000FC87FA /* ImagesListInteractor.swift */ = {isa = PBXFileReference; lastKnownFileType = sourcecode.swift; path = ImagesListInteractor.swift; sourceTree = "<group>"; };
		7E14904F293F37AA00FC87FA /* ImagesListRouter.swift */ = {isa = PBXFileReference; lastKnownFileType = sourcecode.swift; path = ImagesListRouter.swift; sourceTree = "<group>"; };
		7E149052293F39B400FC87FA /* ImagesListViewControllerTests.swift */ = {isa = PBXFileReference; lastKnownFileType = sourcecode.swift; path = ImagesListViewControllerTests.swift; sourceTree = "<group>"; };
		7E149054293F39F900FC87FA /* ImagesListPresenterTests.swift */ = {isa = PBXFileReference; lastKnownFileType = sourcecode.swift; path = ImagesListPresenterTests.swift; sourceTree = "<group>"; };
		7E149056293F3A1A00FC87FA /* ImagesListInteractorTests.swift */ = {isa = PBXFileReference; lastKnownFileType = sourcecode.swift; path = ImagesListInteractorTests.swift; sourceTree = "<group>"; };
		7E14905A293F3BD100FC87FA /* ImagesListViewTest.swift */ = {isa = PBXFileReference; lastKnownFileType = sourcecode.swift; path = ImagesListViewTest.swift; sourceTree = "<group>"; };
		7E14905C293F3BEB00FC87FA /* ImagesListPresenterTest.swift */ = {isa = PBXFileReference; lastKnownFileType = sourcecode.swift; path = ImagesListPresenterTest.swift; sourceTree = "<group>"; };
		7E14905E293F3C0300FC87FA /* ImagesListInteractorTest.swift */ = {isa = PBXFileReference; lastKnownFileType = sourcecode.swift; path = ImagesListInteractorTest.swift; sourceTree = "<group>"; };
		7E149060293F3C2200FC87FA /* ImagesListRouterTest.swift */ = {isa = PBXFileReference; lastKnownFileType = sourcecode.swift; path = ImagesListRouterTest.swift; sourceTree = "<group>"; };
		7E149063293F6E1700FC87FA /* ImagesListView.swift */ = {isa = PBXFileReference; lastKnownFileType = sourcecode.swift; path = ImagesListView.swift; sourceTree = "<group>"; };
		7E149065293F6ED000FC87FA /* ImagesListCollectionViewCell.swift */ = {isa = PBXFileReference; lastKnownFileType = sourcecode.swift; path = ImagesListCollectionViewCell.swift; sourceTree = "<group>"; };
/* End PBXFileReference section */

/* Begin PBXFrameworksBuildPhase section */
		7E148FFF293D6B3D00FC87FA /* Frameworks */ = {
			isa = PBXFrameworksBuildPhase;
			buildActionMask = 2147483647;
			files = (
			);
			runOnlyForDeploymentPostprocessing = 0;
		};
		7E149015293D6B4000FC87FA /* Frameworks */ = {
			isa = PBXFrameworksBuildPhase;
			buildActionMask = 2147483647;
			files = (
			);
			runOnlyForDeploymentPostprocessing = 0;
		};
		7E14901F293D6B4000FC87FA /* Frameworks */ = {
			isa = PBXFrameworksBuildPhase;
			buildActionMask = 2147483647;
			files = (
			);
			runOnlyForDeploymentPostprocessing = 0;
		};
/* End PBXFrameworksBuildPhase section */

/* Begin PBXGroup section */
		7E148FF9293D6B3D00FC87FA = {
			isa = PBXGroup;
			children = (
				7E149004293D6B3D00FC87FA /* Drom */,
				7E14901B293D6B4000FC87FA /* DromTests */,
				7E149025293D6B4000FC87FA /* DromUITests */,
				7E149003293D6B3D00FC87FA /* Products */,
			);
			sourceTree = "<group>";
		};
		7E149003293D6B3D00FC87FA /* Products */ = {
			isa = PBXGroup;
			children = (
				7E149002293D6B3D00FC87FA /* Drom.app */,
				7E149018293D6B4000FC87FA /* DromTests.xctest */,
				7E149022293D6B4000FC87FA /* DromUITests.xctest */,
			);
			name = Products;
			sourceTree = "<group>";
		};
		7E149004293D6B3D00FC87FA /* Drom */ = {
			isa = PBXGroup;
			children = (
				7E149035293D798500FC87FA /* Application */,
				7E149036293D79CC00FC87FA /* Assembly */,
				7E14903B293D7AF600FC87FA /* Model */,
				7E149047293F370B00FC87FA /* Modules */,
				7E14900E293D6B4000FC87FA /* Assets.xcassets */,
				7E149010293D6B4000FC87FA /* LaunchScreen.storyboard */,
				7E149013293D6B4000FC87FA /* Info.plist */,
			);
			path = Drom;
			sourceTree = "<group>";
		};
		7E14901B293D6B4000FC87FA /* DromTests */ = {
			isa = PBXGroup;
			children = (
				7E149058293F3BA500FC87FA /* TestDoubles */,
				7E149051293F399900FC87FA /* ImagesListTests */,
			);
			path = DromTests;
			sourceTree = "<group>";
		};
		7E149025293D6B4000FC87FA /* DromUITests */ = {
			isa = PBXGroup;
			children = (
				7E149026293D6B4000FC87FA /* DromUITests.swift */,
				7E149028293D6B4000FC87FA /* DromUITestsLaunchTests.swift */,
			);
			path = DromUITests;
			sourceTree = "<group>";
		};
		7E149035293D798500FC87FA /* Application */ = {
			isa = PBXGroup;
			children = (
				7E149005293D6B3D00FC87FA /* AppDelegate.swift */,
				7E149007293D6B3D00FC87FA /* SceneDelegate.swift */,
			);
			path = Application;
			sourceTree = "<group>";
		};
		7E149036293D79CC00FC87FA /* Assembly */ = {
			isa = PBXGroup;
			children = (
				7E149037293D79E700FC87FA /* NavigationControllerAssembly.swift */,
				7E149039293D7AB800FC87FA /* ImagesListVCAssembly.swift */,
			);
			path = Assembly;
			sourceTree = "<group>";
		};
		7E14903B293D7AF600FC87FA /* Model */ = {
			isa = PBXGroup;
			children = (
				7E149042293F36A000FC87FA /* ImageCollectionViewModel */,
				7E14903C293D7B1900FC87FA /* ImageLoader.swift */,
				7E14903E293D7B4500FC87FA /* AppConstants.swift */,
				7E149040293D7BC400FC87FA /* ImagesURLManager.swift */,
			);
			path = Model;
			sourceTree = "<group>";
		};
		7E149042293F36A000FC87FA /* ImageCollectionViewModel */ = {
			isa = PBXGroup;
			children = (
				7E149043293F36BB00FC87FA /* ImagesCollectionViewDataSource.swift */,
				7E149045293F36D800FC87FA /* ImagesCollectionViewDelegate.swift */,
			);
			path = ImageCollectionViewModel;
			sourceTree = "<group>";
		};
		7E149047293F370B00FC87FA /* Modules */ = {
			isa = PBXGroup;
			children = (
				7E149048293F372300FC87FA /* ImagesList */,
				7E149049293F373E00FC87FA /* ImagesListViewController.swift */,
				7E14904B293F376800FC87FA /* ImagesListPresenter.swift */,
				7E14904D293F379000FC87FA /* ImagesListInteractor.swift */,
				7E14904F293F37AA00FC87FA /* ImagesListRouter.swift */,
			);
			path = Modules;
			sourceTree = "<group>";
		};
		7E149048293F372300FC87FA /* ImagesList */ = {
			isa = PBXGroup;
			children = (
				7E149062293F6E0300FC87FA /* Views */,
			);
			path = ImagesList;
			sourceTree = "<group>";
		};
		7E149051293F399900FC87FA /* ImagesListTests */ = {
			isa = PBXGroup;
			children = (
				7E149052293F39B400FC87FA /* ImagesListViewControllerTests.swift */,
				7E149054293F39F900FC87FA /* ImagesListPresenterTests.swift */,
				7E149056293F3A1A00FC87FA /* ImagesListInteractorTests.swift */,
			);
			path = ImagesListTests;
			sourceTree = "<group>";
		};
		7E149058293F3BA500FC87FA /* TestDoubles */ = {
			isa = PBXGroup;
			children = (
				7E149059293F3BBC00FC87FA /* Spies */,
			);
			path = TestDoubles;
			sourceTree = "<group>";
		};
		7E149059293F3BBC00FC87FA /* Spies */ = {
			isa = PBXGroup;
			children = (
				7E14905A293F3BD100FC87FA /* ImagesListViewTest.swift */,
				7E14905C293F3BEB00FC87FA /* ImagesListPresenterTest.swift */,
				7E14905E293F3C0300FC87FA /* ImagesListInteractorTest.swift */,
				7E149060293F3C2200FC87FA /* ImagesListRouterTest.swift */,
			);
			path = Spies;
			sourceTree = "<group>";
		};
		7E149062293F6E0300FC87FA /* Views */ = {
			isa = PBXGroup;
			children = (
				7E149063293F6E1700FC87FA /* ImagesListView.swift */,
				7E149065293F6ED000FC87FA /* ImagesListCollectionViewCell.swift */,
			);
			path = Views;
			sourceTree = "<group>";
		};
/* End PBXGroup section */

/* Begin PBXNativeTarget section */
		7E149001293D6B3D00FC87FA /* Drom */ = {
			isa = PBXNativeTarget;
			buildConfigurationList = 7E14902C293D6B4000FC87FA /* Build configuration list for PBXNativeTarget "Drom" */;
			buildPhases = (
				7E148FFE293D6B3D00FC87FA /* Sources */,
				7E148FFF293D6B3D00FC87FA /* Frameworks */,
				7E149000293D6B3D00FC87FA /* Resources */,
			);
			buildRules = (
			);
			dependencies = (
			);
			name = Drom;
			productName = Drom;
			productReference = 7E149002293D6B3D00FC87FA /* Drom.app */;
			productType = "com.apple.product-type.application";
		};
		7E149017293D6B4000FC87FA /* DromTests */ = {
			isa = PBXNativeTarget;
			buildConfigurationList = 7E14902F293D6B4000FC87FA /* Build configuration list for PBXNativeTarget "DromTests" */;
			buildPhases = (
				7E149014293D6B4000FC87FA /* Sources */,
				7E149015293D6B4000FC87FA /* Frameworks */,
				7E149016293D6B4000FC87FA /* Resources */,
			);
			buildRules = (
			);
			dependencies = (
				7E14901A293D6B4000FC87FA /* PBXTargetDependency */,
			);
			name = DromTests;
			productName = DromTests;
			productReference = 7E149018293D6B4000FC87FA /* DromTests.xctest */;
			productType = "com.apple.product-type.bundle.unit-test";
		};
		7E149021293D6B4000FC87FA /* DromUITests */ = {
			isa = PBXNativeTarget;
			buildConfigurationList = 7E149032293D6B4000FC87FA /* Build configuration list for PBXNativeTarget "DromUITests" */;
			buildPhases = (
				7E14901E293D6B4000FC87FA /* Sources */,
				7E14901F293D6B4000FC87FA /* Frameworks */,
				7E149020293D6B4000FC87FA /* Resources */,
			);
			buildRules = (
			);
			dependencies = (
				7E149024293D6B4000FC87FA /* PBXTargetDependency */,
			);
			name = DromUITests;
			productName = DromUITests;
			productReference = 7E149022293D6B4000FC87FA /* DromUITests.xctest */;
			productType = "com.apple.product-type.bundle.ui-testing";
		};
/* End PBXNativeTarget section */

/* Begin PBXProject section */
		7E148FFA293D6B3D00FC87FA /* Project object */ = {
			isa = PBXProject;
			attributes = {
				BuildIndependentTargetsInParallel = 1;
				LastSwiftUpdateCheck = 1410;
				LastUpgradeCheck = 1410;
				TargetAttributes = {
					7E149001293D6B3D00FC87FA = {
						CreatedOnToolsVersion = 14.1;
					};
					7E149017293D6B4000FC87FA = {
						CreatedOnToolsVersion = 14.1;
						TestTargetID = 7E149001293D6B3D00FC87FA;
					};
					7E149021293D6B4000FC87FA = {
						CreatedOnToolsVersion = 14.1;
						TestTargetID = 7E149001293D6B3D00FC87FA;
					};
				};
			};
			buildConfigurationList = 7E148FFD293D6B3D00FC87FA /* Build configuration list for PBXProject "Drom" */;
			compatibilityVersion = "Xcode 14.0";
			developmentRegion = en;
			hasScannedForEncodings = 0;
			knownRegions = (
				en,
				Base,
			);
			mainGroup = 7E148FF9293D6B3D00FC87FA;
			productRefGroup = 7E149003293D6B3D00FC87FA /* Products */;
			projectDirPath = "";
			projectRoot = "";
			targets = (
				7E149001293D6B3D00FC87FA /* Drom */,
				7E149017293D6B4000FC87FA /* DromTests */,
				7E149021293D6B4000FC87FA /* DromUITests */,
			);
		};
/* End PBXProject section */

/* Begin PBXResourcesBuildPhase section */
		7E149000293D6B3D00FC87FA /* Resources */ = {
			isa = PBXResourcesBuildPhase;
			buildActionMask = 2147483647;
			files = (
				7E149012293D6B4000FC87FA /* LaunchScreen.storyboard in Resources */,
				7E14900F293D6B4000FC87FA /* Assets.xcassets in Resources */,
			);
			runOnlyForDeploymentPostprocessing = 0;
		};
		7E149016293D6B4000FC87FA /* Resources */ = {
			isa = PBXResourcesBuildPhase;
			buildActionMask = 2147483647;
			files = (
			);
			runOnlyForDeploymentPostprocessing = 0;
		};
		7E149020293D6B4000FC87FA /* Resources */ = {
			isa = PBXResourcesBuildPhase;
			buildActionMask = 2147483647;
			files = (
			);
			runOnlyForDeploymentPostprocessing = 0;
		};
/* End PBXResourcesBuildPhase section */

/* Begin PBXSourcesBuildPhase section */
		7E148FFE293D6B3D00FC87FA /* Sources */ = {
			isa = PBXSourcesBuildPhase;
			buildActionMask = 2147483647;
			files = (
				7E149050293F37AA00FC87FA /* ImagesListRouter.swift in Sources */,
				7E14904A293F373E00FC87FA /* ImagesListViewController.swift in Sources */,
				7E14903A293D7AB800FC87FA /* ImagesListVCAssembly.swift in Sources */,
				7E14903D293D7B1900FC87FA /* ImageLoader.swift in Sources */,
				7E14904E293F379000FC87FA /* ImagesListInteractor.swift in Sources */,
				7E149038293D79E700FC87FA /* NavigationControllerAssembly.swift in Sources */,
				7E14903F293D7B4500FC87FA /* AppConstants.swift in Sources */,
				7E149041293D7BC400FC87FA /* ImagesURLManager.swift in Sources */,
				7E149064293F6E1700FC87FA /* ImagesListView.swift in Sources */,
				7E149044293F36BB00FC87FA /* ImagesCollectionViewDataSource.swift in Sources */,
				7E149046293F36D800FC87FA /* ImagesCollectionViewDelegate.swift in Sources */,
				7E149006293D6B3D00FC87FA /* AppDelegate.swift in Sources */,
				7E14904C293F376800FC87FA /* ImagesListPresenter.swift in Sources */,
				7E149066293F6ED000FC87FA /* ImagesListCollectionViewCell.swift in Sources */,
				7E149008293D6B3D00FC87FA /* SceneDelegate.swift in Sources */,
			);
			runOnlyForDeploymentPostprocessing = 0;
		};
		7E149014293D6B4000FC87FA /* Sources */ = {
			isa = PBXSourcesBuildPhase;
			buildActionMask = 2147483647;
			files = (
				7E149061293F3C2200FC87FA /* ImagesListRouterTest.swift in Sources */,
				7E14905B293F3BD100FC87FA /* ImagesListViewTest.swift in Sources */,
				7E149053293F39B400FC87FA /* ImagesListViewControllerTests.swift in Sources */,
				7E14905F293F3C0300FC87FA /* ImagesListInteractorTest.swift in Sources */,
				7E149055293F39F900FC87FA /* ImagesListPresenterTests.swift in Sources */,
				7E149057293F3A1A00FC87FA /* ImagesListInteractorTests.swift in Sources */,
				7E14905D293F3BEB00FC87FA /* ImagesListPresenterTest.swift in Sources */,
			);
			runOnlyForDeploymentPostprocessing = 0;
		};
		7E14901E293D6B4000FC87FA /* Sources */ = {
			isa = PBXSourcesBuildPhase;
			buildActionMask = 2147483647;
			files = (
				7E149029293D6B4000FC87FA /* DromUITestsLaunchTests.swift in Sources */,
				7E149027293D6B4000FC87FA /* DromUITests.swift in Sources */,
			);
			runOnlyForDeploymentPostprocessing = 0;
		};
/* End PBXSourcesBuildPhase section */

/* Begin PBXTargetDependency section */
		7E14901A293D6B4000FC87FA /* PBXTargetDependency */ = {
			isa = PBXTargetDependency;
			target = 7E149001293D6B3D00FC87FA /* Drom */;
			targetProxy = 7E149019293D6B4000FC87FA /* PBXContainerItemProxy */;
		};
		7E149024293D6B4000FC87FA /* PBXTargetDependency */ = {
			isa = PBXTargetDependency;
			target = 7E149001293D6B3D00FC87FA /* Drom */;
			targetProxy = 7E149023293D6B4000FC87FA /* PBXContainerItemProxy */;
		};
/* End PBXTargetDependency section */

/* Begin PBXVariantGroup section */
		7E149010293D6B4000FC87FA /* LaunchScreen.storyboard */ = {
			isa = PBXVariantGroup;
			children = (
				7E149011293D6B4000FC87FA /* Base */,
			);
			name = LaunchScreen.storyboard;
			sourceTree = "<group>";
		};
/* End PBXVariantGroup section */

/* Begin XCBuildConfiguration section */
		7E14902A293D6B4000FC87FA /* Debug */ = {
			isa = XCBuildConfiguration;
			buildSettings = {
				ALWAYS_SEARCH_USER_PATHS = NO;
				CLANG_ANALYZER_NONNULL = YES;
				CLANG_ANALYZER_NUMBER_OBJECT_CONVERSION = YES_AGGRESSIVE;
				CLANG_CXX_LANGUAGE_STANDARD = "gnu++20";
				CLANG_ENABLE_MODULES = YES;
				CLANG_ENABLE_OBJC_ARC = YES;
				CLANG_ENABLE_OBJC_WEAK = YES;
				CLANG_WARN_BLOCK_CAPTURE_AUTORELEASING = YES;
				CLANG_WARN_BOOL_CONVERSION = YES;
				CLANG_WARN_COMMA = YES;
				CLANG_WARN_CONSTANT_CONVERSION = YES;
				CLANG_WARN_DEPRECATED_OBJC_IMPLEMENTATIONS = YES;
				CLANG_WARN_DIRECT_OBJC_ISA_USAGE = YES_ERROR;
				CLANG_WARN_DOCUMENTATION_COMMENTS = YES;
				CLANG_WARN_EMPTY_BODY = YES;
				CLANG_WARN_ENUM_CONVERSION = YES;
				CLANG_WARN_INFINITE_RECURSION = YES;
				CLANG_WARN_INT_CONVERSION = YES;
				CLANG_WARN_NON_LITERAL_NULL_CONVERSION = YES;
				CLANG_WARN_OBJC_IMPLICIT_RETAIN_SELF = YES;
				CLANG_WARN_OBJC_LITERAL_CONVERSION = YES;
				CLANG_WARN_OBJC_ROOT_CLASS = YES_ERROR;
				CLANG_WARN_QUOTED_INCLUDE_IN_FRAMEWORK_HEADER = YES;
				CLANG_WARN_RANGE_LOOP_ANALYSIS = YES;
				CLANG_WARN_STRICT_PROTOTYPES = YES;
				CLANG_WARN_SUSPICIOUS_MOVE = YES;
				CLANG_WARN_UNGUARDED_AVAILABILITY = YES_AGGRESSIVE;
				CLANG_WARN_UNREACHABLE_CODE = YES;
				CLANG_WARN__DUPLICATE_METHOD_MATCH = YES;
				COPY_PHASE_STRIP = NO;
				DEBUG_INFORMATION_FORMAT = dwarf;
				ENABLE_STRICT_OBJC_MSGSEND = YES;
				ENABLE_TESTABILITY = YES;
				GCC_C_LANGUAGE_STANDARD = gnu11;
				GCC_DYNAMIC_NO_PIC = NO;
				GCC_NO_COMMON_BLOCKS = YES;
				GCC_OPTIMIZATION_LEVEL = 0;
				GCC_PREPROCESSOR_DEFINITIONS = (
					"DEBUG=1",
					"$(inherited)",
				);
				GCC_WARN_64_TO_32_BIT_CONVERSION = YES;
				GCC_WARN_ABOUT_RETURN_TYPE = YES_ERROR;
				GCC_WARN_UNDECLARED_SELECTOR = YES;
				GCC_WARN_UNINITIALIZED_AUTOS = YES_AGGRESSIVE;
				GCC_WARN_UNUSED_FUNCTION = YES;
				GCC_WARN_UNUSED_VARIABLE = YES;
				IPHONEOS_DEPLOYMENT_TARGET = 13.0;
				MTL_ENABLE_DEBUG_INFO = INCLUDE_SOURCE;
				MTL_FAST_MATH = YES;
				ONLY_ACTIVE_ARCH = YES;
				SDKROOT = iphoneos;
				SWIFT_ACTIVE_COMPILATION_CONDITIONS = DEBUG;
				SWIFT_OPTIMIZATION_LEVEL = "-Onone";
			};
			name = Debug;
		};
		7E14902B293D6B4000FC87FA /* Release */ = {
			isa = XCBuildConfiguration;
			buildSettings = {
				ALWAYS_SEARCH_USER_PATHS = NO;
				CLANG_ANALYZER_NONNULL = YES;
				CLANG_ANALYZER_NUMBER_OBJECT_CONVERSION = YES_AGGRESSIVE;
				CLANG_CXX_LANGUAGE_STANDARD = "gnu++20";
				CLANG_ENABLE_MODULES = YES;
				CLANG_ENABLE_OBJC_ARC = YES;
				CLANG_ENABLE_OBJC_WEAK = YES;
				CLANG_WARN_BLOCK_CAPTURE_AUTORELEASING = YES;
				CLANG_WARN_BOOL_CONVERSION = YES;
				CLANG_WARN_COMMA = YES;
				CLANG_WARN_CONSTANT_CONVERSION = YES;
				CLANG_WARN_DEPRECATED_OBJC_IMPLEMENTATIONS = YES;
				CLANG_WARN_DIRECT_OBJC_ISA_USAGE = YES_ERROR;
				CLANG_WARN_DOCUMENTATION_COMMENTS = YES;
				CLANG_WARN_EMPTY_BODY = YES;
				CLANG_WARN_ENUM_CONVERSION = YES;
				CLANG_WARN_INFINITE_RECURSION = YES;
				CLANG_WARN_INT_CONVERSION = YES;
				CLANG_WARN_NON_LITERAL_NULL_CONVERSION = YES;
				CLANG_WARN_OBJC_IMPLICIT_RETAIN_SELF = YES;
				CLANG_WARN_OBJC_LITERAL_CONVERSION = YES;
				CLANG_WARN_OBJC_ROOT_CLASS = YES_ERROR;
				CLANG_WARN_QUOTED_INCLUDE_IN_FRAMEWORK_HEADER = YES;
				CLANG_WARN_RANGE_LOOP_ANALYSIS = YES;
				CLANG_WARN_STRICT_PROTOTYPES = YES;
				CLANG_WARN_SUSPICIOUS_MOVE = YES;
				CLANG_WARN_UNGUARDED_AVAILABILITY = YES_AGGRESSIVE;
				CLANG_WARN_UNREACHABLE_CODE = YES;
				CLANG_WARN__DUPLICATE_METHOD_MATCH = YES;
				COPY_PHASE_STRIP = NO;
				DEBUG_INFORMATION_FORMAT = "dwarf-with-dsym";
				ENABLE_NS_ASSERTIONS = NO;
				ENABLE_STRICT_OBJC_MSGSEND = YES;
				GCC_C_LANGUAGE_STANDARD = gnu11;
				GCC_NO_COMMON_BLOCKS = YES;
				GCC_WARN_64_TO_32_BIT_CONVERSION = YES;
				GCC_WARN_ABOUT_RETURN_TYPE = YES_ERROR;
				GCC_WARN_UNDECLARED_SELECTOR = YES;
				GCC_WARN_UNINITIALIZED_AUTOS = YES_AGGRESSIVE;
				GCC_WARN_UNUSED_FUNCTION = YES;
				GCC_WARN_UNUSED_VARIABLE = YES;
				IPHONEOS_DEPLOYMENT_TARGET = 13.0;
				MTL_ENABLE_DEBUG_INFO = NO;
				MTL_FAST_MATH = YES;
				SDKROOT = iphoneos;
				SWIFT_COMPILATION_MODE = wholemodule;
				SWIFT_OPTIMIZATION_LEVEL = "-O";
				VALIDATE_PRODUCT = YES;
			};
			name = Release;
		};
		7E14902D293D6B4000FC87FA /* Debug */ = {
			isa = XCBuildConfiguration;
			buildSettings = {
				ASSETCATALOG_COMPILER_APPICON_NAME = AppIcon;
				ASSETCATALOG_COMPILER_GLOBAL_ACCENT_COLOR_NAME = AccentColor;
				CODE_SIGN_STYLE = Automatic;
				CURRENT_PROJECT_VERSION = 1;
				DEVELOPMENT_TEAM = 3YLY28FT47;
				GENERATE_INFOPLIST_FILE = YES;
				INFOPLIST_FILE = Drom/Info.plist;
				INFOPLIST_KEY_UIApplicationSupportsIndirectInputEvents = YES;
				INFOPLIST_KEY_UILaunchStoryboardName = LaunchScreen.storyboard;
				INFOPLIST_KEY_UISupportedInterfaceOrientations_iPad = "UIInterfaceOrientationPortrait UIInterfaceOrientationPortraitUpsideDown UIInterfaceOrientationLandscapeLeft UIInterfaceOrientationLandscapeRight";
				INFOPLIST_KEY_UISupportedInterfaceOrientations_iPhone = "UIInterfaceOrientationPortrait UIInterfaceOrientationLandscapeLeft UIInterfaceOrientationLandscapeRight";
				IPHONEOS_DEPLOYMENT_TARGET = 13.0;
				LD_RUNPATH_SEARCH_PATHS = (
					"$(inherited)",
					"@executable_path/Frameworks",
				);
				MARKETING_VERSION = 1.0;
				PRODUCT_BUNDLE_IDENTIFIER = com.test.Drom;
				PRODUCT_NAME = "$(TARGET_NAME)";
				SWIFT_EMIT_LOC_STRINGS = YES;
				SWIFT_VERSION = 5.0;
				TARGETED_DEVICE_FAMILY = "1,2";
			};
			name = Debug;
		};
		7E14902E293D6B4000FC87FA /* Release */ = {
			isa = XCBuildConfiguration;
			buildSettings = {
				ASSETCATALOG_COMPILER_APPICON_NAME = AppIcon;
				ASSETCATALOG_COMPILER_GLOBAL_ACCENT_COLOR_NAME = AccentColor;
				CODE_SIGN_STYLE = Automatic;
				CURRENT_PROJECT_VERSION = 1;
				DEVELOPMENT_TEAM = 3YLY28FT47;
				GENERATE_INFOPLIST_FILE = YES;
				INFOPLIST_FILE = Drom/Info.plist;
				INFOPLIST_KEY_UIApplicationSupportsIndirectInputEvents = YES;
				INFOPLIST_KEY_UILaunchStoryboardName = LaunchScreen.storyboard;
				INFOPLIST_KEY_UISupportedInterfaceOrientations_iPad = "UIInterfaceOrientationPortrait UIInterfaceOrientationPortraitUpsideDown UIInterfaceOrientationLandscapeLeft UIInterfaceOrientationLandscapeRight";
				INFOPLIST_KEY_UISupportedInterfaceOrientations_iPhone = "UIInterfaceOrientationPortrait UIInterfaceOrientationLandscapeLeft UIInterfaceOrientationLandscapeRight";
				IPHONEOS_DEPLOYMENT_TARGET = 13.0;
				LD_RUNPATH_SEARCH_PATHS = (
					"$(inherited)",
					"@executable_path/Frameworks",
				);
				MARKETING_VERSION = 1.0;
				PRODUCT_BUNDLE_IDENTIFIER = com.test.Drom;
				PRODUCT_NAME = "$(TARGET_NAME)";
				SWIFT_EMIT_LOC_STRINGS = YES;
				SWIFT_VERSION = 5.0;
				TARGETED_DEVICE_FAMILY = "1,2";
			};
			name = Release;
		};
		7E149030293D6B4000FC87FA /* Debug */ = {
			isa = XCBuildConfiguration;
			buildSettings = {
				ALWAYS_EMBED_SWIFT_STANDARD_LIBRARIES = YES;
				BUNDLE_LOADER = "$(TEST_HOST)";
				CODE_SIGN_STYLE = Automatic;
				CURRENT_PROJECT_VERSION = 1;
				DEVELOPMENT_TEAM = 3YLY28FT47;
				GENERATE_INFOPLIST_FILE = YES;
				IPHONEOS_DEPLOYMENT_TARGET = 16.1;
				MARKETING_VERSION = 1.0;
				PRODUCT_BUNDLE_IDENTIFIER = com.test.DromTests;
				PRODUCT_NAME = "$(TARGET_NAME)";
				SWIFT_EMIT_LOC_STRINGS = NO;
				SWIFT_VERSION = 5.0;
				TARGETED_DEVICE_FAMILY = "1,2";
				TEST_HOST = "$(BUILT_PRODUCTS_DIR)/Drom.app/$(BUNDLE_EXECUTABLE_FOLDER_PATH)/Drom";
			};
			name = Debug;
		};
		7E149031293D6B4000FC87FA /* Release */ = {
			isa = XCBuildConfiguration;
			buildSettings = {
				ALWAYS_EMBED_SWIFT_STANDARD_LIBRARIES = YES;
				BUNDLE_LOADER = "$(TEST_HOST)";
				CODE_SIGN_STYLE = Automatic;
				CURRENT_PROJECT_VERSION = 1;
				DEVELOPMENT_TEAM = 3YLY28FT47;
				GENERATE_INFOPLIST_FILE = YES;
				IPHONEOS_DEPLOYMENT_TARGET = 16.1;
				MARKETING_VERSION = 1.0;
				PRODUCT_BUNDLE_IDENTIFIER = com.test.DromTests;
				PRODUCT_NAME = "$(TARGET_NAME)";
				SWIFT_EMIT_LOC_STRINGS = NO;
				SWIFT_VERSION = 5.0;
				TARGETED_DEVICE_FAMILY = "1,2";
				TEST_HOST = "$(BUILT_PRODUCTS_DIR)/Drom.app/$(BUNDLE_EXECUTABLE_FOLDER_PATH)/Drom";
			};
			name = Release;
		};
		7E149033293D6B4000FC87FA /* Debug */ = {
			isa = XCBuildConfiguration;
			buildSettings = {
				ALWAYS_EMBED_SWIFT_STANDARD_LIBRARIES = YES;
				CODE_SIGN_STYLE = Automatic;
				CURRENT_PROJECT_VERSION = 1;
				DEVELOPMENT_TEAM = 3YLY28FT47;
				GENERATE_INFOPLIST_FILE = YES;
				MARKETING_VERSION = 1.0;
				PRODUCT_BUNDLE_IDENTIFIER = com.test.DromUITests;
				PRODUCT_NAME = "$(TARGET_NAME)";
				SWIFT_EMIT_LOC_STRINGS = NO;
				SWIFT_VERSION = 5.0;
				TARGETED_DEVICE_FAMILY = "1,2";
				TEST_TARGET_NAME = Drom;
			};
			name = Debug;
		};
		7E149034293D6B4000FC87FA /* Release */ = {
			isa = XCBuildConfiguration;
			buildSettings = {
				ALWAYS_EMBED_SWIFT_STANDARD_LIBRARIES = YES;
				CODE_SIGN_STYLE = Automatic;
				CURRENT_PROJECT_VERSION = 1;
				DEVELOPMENT_TEAM = 3YLY28FT47;
				GENERATE_INFOPLIST_FILE = YES;
				MARKETING_VERSION = 1.0;
				PRODUCT_BUNDLE_IDENTIFIER = com.test.DromUITests;
				PRODUCT_NAME = "$(TARGET_NAME)";
				SWIFT_EMIT_LOC_STRINGS = NO;
				SWIFT_VERSION = 5.0;
				TARGETED_DEVICE_FAMILY = "1,2";
				TEST_TARGET_NAME = Drom;
			};
			name = Release;
		};
/* End XCBuildConfiguration section */

/* Begin XCConfigurationList section */
		7E148FFD293D6B3D00FC87FA /* Build configuration list for PBXProject "Drom" */ = {
			isa = XCConfigurationList;
			buildConfigurations = (
				7E14902A293D6B4000FC87FA /* Debug */,
				7E14902B293D6B4000FC87FA /* Release */,
			);
			defaultConfigurationIsVisible = 0;
			defaultConfigurationName = Release;
		};
		7E14902C293D6B4000FC87FA /* Build configuration list for PBXNativeTarget "Drom" */ = {
			isa = XCConfigurationList;
			buildConfigurations = (
				7E14902D293D6B4000FC87FA /* Debug */,
				7E14902E293D6B4000FC87FA /* Release */,
			);
			defaultConfigurationIsVisible = 0;
			defaultConfigurationName = Release;
		};
		7E14902F293D6B4000FC87FA /* Build configuration list for PBXNativeTarget "DromTests" */ = {
			isa = XCConfigurationList;
			buildConfigurations = (
				7E149030293D6B4000FC87FA /* Debug */,
				7E149031293D6B4000FC87FA /* Release */,
			);
			defaultConfigurationIsVisible = 0;
			defaultConfigurationName = Release;
		};
		7E149032293D6B4000FC87FA /* Build configuration list for PBXNativeTarget "DromUITests" */ = {
			isa = XCConfigurationList;
			buildConfigurations = (
				7E149033293D6B4000FC87FA /* Debug */,
				7E149034293D6B4000FC87FA /* Release */,
			);
			defaultConfigurationIsVisible = 0;
			defaultConfigurationName = Release;
		};
/* End XCConfigurationList section */
	};
	rootObject = 7E148FFA293D6B3D00FC87FA /* Project object */;
}
